
Microsoft Visual Studio Solution File, Format Version 12.00
# Visual Studio Version 17
VisualStudioVersion = 17.9.34622.214
MinimumVisualStudioVersion = 10.0.40219.1
Project("{FAE04EC0-301F-11D3-BF4B-00C04F79EFBC}") = "equipment_accounting", "equipment_accounting\equipment_accounting.csproj", "{9CD22221-45B5-40B2-835D-402B7CF08BDF}"
EndProject
Project("{54435603-DBB4-11D2-8724-00A0C9A8B90C}") = "MyAppSetup", "MyAppSetup\MyAppSetup.vdproj", "{DFAEE4E9-5799-4BAC-8310-12AB880972DE}"
EndProject
Global
	GlobalSection(SolutionConfigurationPlatforms) = preSolution
		All|Any CPU = All|Any CPU
		All|x64 = All|x64
		Debug|Any CPU = Debug|Any CPU
		Debug|x64 = Debug|x64
		Release|Any CPU = Release|Any CPU
		Release|x64 = Release|x64
	EndGlobalSection
	GlobalSection(ProjectConfigurationPlatforms) = postSolution
		{9CD22221-45B5-40B2-835D-402B7CF08BDF}.All|Any CPU.ActiveCfg = Release|Any CPU
		{9CD22221-45B5-40B2-835D-402B7CF08BDF}.All|Any CPU.Build.0 = Release|Any CPU
		{9CD22221-45B5-40B2-835D-402B7CF08BDF}.All|x64.ActiveCfg = Release|x64
		{9CD22221-45B5-40B2-835D-402B7CF08BDF}.All|x64.Build.0 = Release|x64
		{9CD22221-45B5-40B2-835D-402B7CF08BDF}.Debug|Any CPU.ActiveCfg = Debug|Any CPU
		{9CD22221-45B5-40B2-835D-402B7CF08BDF}.Debug|Any CPU.Build.0 = Debug|Any CPU
		{9CD22221-45B5-40B2-835D-402B7CF08BDF}.Debug|x64.ActiveCfg = Debug|x64
		{9CD22221-45B5-40B2-835D-402B7CF08BDF}.Debug|x64.Build.0 = Debug|x64
		{9CD22221-45B5-40B2-835D-402B7CF08BDF}.Release|Any CPU.ActiveCfg = Release|Any CPU
		{9CD22221-45B5-40B2-835D-402B7CF08BDF}.Release|Any CPU.Build.0 = Release|Any CPU
		{9CD22221-45B5-40B2-835D-402B7CF08BDF}.Release|x64.ActiveCfg = Release|x64
		{9CD22221-45B5-40B2-835D-402B7CF08BDF}.Release|x64.Build.0 = Release|x64
		{DFAEE4E9-5799-4BAC-8310-12AB880972DE}.All|Any CPU.ActiveCfg = Debug
		{DFAEE4E9-5799-4BAC-8310-12AB880972DE}.All|x64.ActiveCfg = Debug
		{DFAEE4E9-5799-4BAC-8310-12AB880972DE}.Debug|Any CPU.ActiveCfg = Debug
		{DFAEE4E9-5799-4BAC-8310-12AB880972DE}.Debug|x64.ActiveCfg = Debug
		{DFAEE4E9-5799-4BAC-8310-12AB880972DE}.Release|Any CPU.ActiveCfg = Release
		{DFAEE4E9-5799-4BAC-8310-12AB880972DE}.Release|x64.ActiveCfg = Release
	EndGlobalSection
	GlobalSection(SolutionProperties) = preSolution
		HideSolutionNode = FALSE
	EndGlobalSection
	GlobalSection(ExtensibilityGlobals) = postSolution
		SolutionGuid = {4FEEB7F6-D5C1-4ADD-82A1-CDB02E30B151}
	EndGlobalSection
EndGlobal
